
Microsoft Visual Studio Solution File, Format Version 12.00
# Visual Studio 15
VisualStudioVersion = 15.0.28307.421
MinimumVisualStudioVersion = 10.0.40219.1
Project("{FAE04EC0-301F-11D3-BF4B-00C04F79EFBC}") = "Hackkathon", "Hackkathon\Hackkathon.csproj", "{6F93A9A4-739D-4FB4-9074-4EDE36F6B747}"
EndProject
Project("{FAE04EC0-301F-11D3-BF4B-00C04F79EFBC}") = "DAL_HACK", "DAL_HACK\DAL_HACK.csproj", "{73E91FFC-69D0-4D80-B0A5-12655E7A05D8}"
EndProject
Project("{FAE04EC0-301F-11D3-BF4B-00C04F79EFBC}") = "BUS_HACK", "BUS_HACK\BUS_HACK.csproj", "{E7B0DE13-6429-4A9C-BA3B-2D865E3051C0}"
EndProject
Project("{FAE04EC0-301F-11D3-BF4B-00C04F79EFBC}") = "LinQ", "LinQ\LinQ.csproj", "{0E86134B-7AF3-46F3-9784-BB6BF03B4E1F}"
EndProject
Global
	GlobalSection(SolutionConfigurationPlatforms) = preSolution
		Debug|Any CPU = Debug|Any CPU
		Release|Any CPU = Release|Any CPU
	EndGlobalSection
	GlobalSection(ProjectConfigurationPlatforms) = postSolution
		{6F93A9A4-739D-4FB4-9074-4EDE36F6B747}.Debug|Any CPU.ActiveCfg = Debug|Any CPU
		{6F93A9A4-739D-4FB4-9074-4EDE36F6B747}.Debug|Any CPU.Build.0 = Debug|Any CPU
		{6F93A9A4-739D-4FB4-9074-4EDE36F6B747}.Release|Any CPU.ActiveCfg = Release|Any CPU
		{6F93A9A4-739D-4FB4-9074-4EDE36F6B747}.Release|Any CPU.Build.0 = Release|Any CPU
		{73E91FFC-69D0-4D80-B0A5-12655E7A05D8}.Debug|Any CPU.ActiveCfg = Debug|Any CPU
		{73E91FFC-69D0-4D80-B0A5-12655E7A05D8}.Debug|Any CPU.Build.0 = Debug|Any CPU
		{73E91FFC-69D0-4D80-B0A5-12655E7A05D8}.Release|Any CPU.ActiveCfg = Release|Any CPU
		{73E91FFC-69D0-4D80-B0A5-12655E7A05D8}.Release|Any CPU.Build.0 = Release|Any CPU
		{E7B0DE13-6429-4A9C-BA3B-2D865E3051C0}.Debug|Any CPU.ActiveCfg = Debug|Any CPU
		{E7B0DE13-6429-4A9C-BA3B-2D865E3051C0}.Debug|Any CPU.Build.0 = Debug|Any CPU
		{E7B0DE13-6429-4A9C-BA3B-2D865E3051C0}.Release|Any CPU.ActiveCfg = Release|Any CPU
		{E7B0DE13-6429-4A9C-BA3B-2D865E3051C0}.Release|Any CPU.Build.0 = Release|Any CPU
		{0E86134B-7AF3-46F3-9784-BB6BF03B4E1F}.Debug|Any CPU.ActiveCfg = Debug|Any CPU
		{0E86134B-7AF3-46F3-9784-BB6BF03B4E1F}.Debug|Any CPU.Build.0 = Debug|Any CPU
		{0E86134B-7AF3-46F3-9784-BB6BF03B4E1F}.Release|Any CPU.ActiveCfg = Release|Any CPU
		{0E86134B-7AF3-46F3-9784-BB6BF03B4E1F}.Release|Any CPU.Build.0 = Release|Any CPU
	EndGlobalSection
	GlobalSection(SolutionProperties) = preSolution
		HideSolutionNode = FALSE
	EndGlobalSection
	GlobalSection(ExtensibilityGlobals) = postSolution
		SolutionGuid = {7DF39329-3A55-45D3-B4C0-03309E7B8F38}
	EndGlobalSection
EndGlobal
